
Microsoft Visual Studio Solution File, Format Version 12.00
Project("{FAE04EC0-301F-11D3-BF4B-00C04F79EFBC}") = "BookManager.Application", "BookManager.Application\BookManager.Application.csproj", "{DBCE9673-6978-4057-A2AE-9F3208CDBC51}"
EndProject
Project("{FAE04EC0-301F-11D3-BF4B-00C04F79EFBC}") = "BookManager.Domain", "BookManager.Domain\BookManager.Domain.csproj", "{A53B3659-B242-44A5-9228-8C9360E188BE}"
EndProject
Project("{FAE04EC0-301F-11D3-BF4B-00C04F79EFBC}") = "BookManager.Infrastructure", "BookManager.Infrastructure\BookManager.Infrastructure.csproj", "{EEE16942-6688-48CA-A59B-26CC190CAEFF}"
EndProject
Project("{FAE04EC0-301F-11D3-BF4B-00C04F79EFBC}") = "BookManager.Test", "BookManager.Test\BookManager.Test.csproj", "{4E19588B-9E35-4489-B11B-CA7DEBA38758}"
EndProject
Project("{FAE04EC0-301F-11D3-BF4B-00C04F79EFBC}") = "BookManager.Api", "BookManager.Api\BookManager.Api.csproj", "{43C362F9-00C8-4AA5-A436-C71CC0D84EEC}"
EndProject
Global
	GlobalSection(SolutionConfigurationPlatforms) = preSolution
		Debug|Any CPU = Debug|Any CPU
		Release|Any CPU = Release|Any CPU
	EndGlobalSection
	GlobalSection(ProjectConfigurationPlatforms) = postSolution
		{DBCE9673-6978-4057-A2AE-9F3208CDBC51}.Debug|Any CPU.ActiveCfg = Debug|Any CPU
		{DBCE9673-6978-4057-A2AE-9F3208CDBC51}.Debug|Any CPU.Build.0 = Debug|Any CPU
		{DBCE9673-6978-4057-A2AE-9F3208CDBC51}.Release|Any CPU.ActiveCfg = Release|Any CPU
		{DBCE9673-6978-4057-A2AE-9F3208CDBC51}.Release|Any CPU.Build.0 = Release|Any CPU
		{A53B3659-B242-44A5-9228-8C9360E188BE}.Debug|Any CPU.ActiveCfg = Debug|Any CPU
		{A53B3659-B242-44A5-9228-8C9360E188BE}.Debug|Any CPU.Build.0 = Debug|Any CPU
		{A53B3659-B242-44A5-9228-8C9360E188BE}.Release|Any CPU.ActiveCfg = Release|Any CPU
		{A53B3659-B242-44A5-9228-8C9360E188BE}.Release|Any CPU.Build.0 = Release|Any CPU
		{EEE16942-6688-48CA-A59B-26CC190CAEFF}.Debug|Any CPU.ActiveCfg = Debug|Any CPU
		{EEE16942-6688-48CA-A59B-26CC190CAEFF}.Debug|Any CPU.Build.0 = Debug|Any CPU
		{EEE16942-6688-48CA-A59B-26CC190CAEFF}.Release|Any CPU.ActiveCfg = Release|Any CPU
		{EEE16942-6688-48CA-A59B-26CC190CAEFF}.Release|Any CPU.Build.0 = Release|Any CPU
		{4E19588B-9E35-4489-B11B-CA7DEBA38758}.Debug|Any CPU.ActiveCfg = Debug|Any CPU
		{4E19588B-9E35-4489-B11B-CA7DEBA38758}.Debug|Any CPU.Build.0 = Debug|Any CPU
		{4E19588B-9E35-4489-B11B-CA7DEBA38758}.Release|Any CPU.ActiveCfg = Release|Any CPU
		{4E19588B-9E35-4489-B11B-CA7DEBA38758}.Release|Any CPU.Build.0 = Release|Any CPU
		{43C362F9-00C8-4AA5-A436-C71CC0D84EEC}.Debug|Any CPU.ActiveCfg = Debug|Any CPU
		{43C362F9-00C8-4AA5-A436-C71CC0D84EEC}.Debug|Any CPU.Build.0 = Debug|Any CPU
		{43C362F9-00C8-4AA5-A436-C71CC0D84EEC}.Release|Any CPU.ActiveCfg = Release|Any CPU
		{43C362F9-00C8-4AA5-A436-C71CC0D84EEC}.Release|Any CPU.Build.0 = Release|Any CPU
	EndGlobalSection
EndGlobal
